
Microsoft Visual Studio Solution File, Format Version 12.00
# Visual Studio 15
VisualStudioVersion = 15.0.27130.2036
MinimumVisualStudioVersion = 10.0.40219.1
Project("{FAE04EC0-301F-11D3-BF4B-00C04F79EFBC}") = "PST3", "PST3\PST3.csproj", "{067900E1-A149-4746-B2B0-AA2330B92727}"
EndProject
Global
	GlobalSection(SolutionConfigurationPlatforms) = preSolution
		Debug|Any CPU = Debug|Any CPU
		Release|Any CPU = Release|Any CPU
	EndGlobalSection
	GlobalSection(ProjectConfigurationPlatforms) = postSolution
		{067900E1-A149-4746-B2B0-AA2330B92727}.Debug|Any CPU.ActiveCfg = Debug|Any CPU
		{067900E1-A149-4746-B2B0-AA2330B92727}.Debug|Any CPU.Build.0 = Debug|Any CPU
		{067900E1-A149-4746-B2B0-AA2330B92727}.Release|Any CPU.ActiveCfg = Release|Any CPU
		{067900E1-A149-4746-B2B0-AA2330B92727}.Release|Any CPU.Build.0 = Release|Any CPU
	EndGlobalSection
	GlobalSection(SolutionProperties) = preSolution
		HideSolutionNode = FALSE
	EndGlobalSection
	GlobalSection(ExtensibilityGlobals) = postSolution
		SolutionGuid = {1EF930EC-0C9A-4E3B-8FB4-71C89EFF1B42}
	EndGlobalSection
EndGlobal
